{
  "name": "tbp-cms",
  "version": "1.0.0",
  "lockfileVersion": 1,
  "requires": true,
  "dependencies": {
    "@types/react": {
      "version": "15.6.2",
      "resolved": "https://registry.npmjs.org/@types/react/-/react-15.6.2.tgz",
      "integrity": "sha512-bLBaCTgyuGM8cXV9zG4XpHtfPJBSyAW5MwyRUOhHqmVn6a/x5q9rYx1ewmNN5PHpfTCSFlUTdrG+bX/qQQ2THQ==",
      "optional": true
    },
    "@types/react-dom": {
      "version": "0.14.23",
      "resolved": "https://registry.npmjs.org/@types/react-dom/-/react-dom-0.14.23.tgz",
      "integrity": "sha1-zs/PrXVLTCdl/l0puBswGImtbC4=",
      "optional": true,
      "requires": {
        "@types/react": "15.6.2"
      }
    },
    "asap": {
      "version": "2.0.6",
      "resolved": "https://registry.npmjs.org/asap/-/asap-2.0.6.tgz",
      "integrity": "sha1-5QNHYR1+aQlDIIu9r+vLwvuGbUY="
    },
    "babel-helper-builder-react-jsx": {
      "version": "6.26.0",
      "resolved": "https://registry.npmjs.org/babel-helper-builder-react-jsx/-/babel-helper-builder-react-jsx-6.26.0.tgz",
      "integrity": "sha1-Of+DE7dci2Xc7/HzHTg+D/KkCKA=",
      "requires": {
        "babel-runtime": "6.26.0",
        "babel-types": "6.26.0",
        "esutils": "2.0.2"
      }
    },
    "babel-plugin-syntax-flow": {
      "version": "6.18.0",
      "resolved": "https://registry.npmjs.org/babel-plugin-syntax-flow/-/babel-plugin-syntax-flow-6.18.0.tgz",
      "integrity": "sha1-TDqyCiryaqIM0lmVw5jE63AxDI0="
    },
    "babel-plugin-syntax-jsx": {
      "version": "6.18.0",
      "resolved": "https://registry.npmjs.org/babel-plugin-syntax-jsx/-/babel-plugin-syntax-jsx-6.18.0.tgz",
      "integrity": "sha1-CvMqmm4Tyno/1QaeYtew9Y0NiUY="
    },
    "babel-plugin-transform-flow-strip-types": {
      "version": "6.22.0",
      "resolved": "https://registry.npmjs.org/babel-plugin-transform-flow-strip-types/-/babel-plugin-transform-flow-strip-types-6.22.0.tgz",
      "integrity": "sha1-hMtnKTXUNxT9wyvOhFaNh0Qc988=",
      "requires": {
        "babel-plugin-syntax-flow": "6.18.0",
        "babel-runtime": "6.26.0"
      }
    },
    "babel-plugin-transform-react-display-name": {
      "version": "6.25.0",
      "resolved": "https://registry.npmjs.org/babel-plugin-transform-react-display-name/-/babel-plugin-transform-react-display-name-6.25.0.tgz",
      "integrity": "sha1-Z+K/Hx6ck6sI25Z5LgU5K/LMKNE=",
      "requires": {
        "babel-runtime": "6.26.0"
      }
    },
    "babel-plugin-transform-react-jsx": {
      "version": "6.24.1",
      "resolved": "https://registry.npmjs.org/babel-plugin-transform-react-jsx/-/babel-plugin-transform-react-jsx-6.24.1.tgz",
      "integrity": "sha1-hAoCjn30YN/DotKfDA2R9jduZqM=",
      "requires": {
        "babel-helper-builder-react-jsx": "6.26.0",
        "babel-plugin-syntax-jsx": "6.18.0",
        "babel-runtime": "6.26.0"
      }
    },
    "babel-plugin-transform-react-jsx-self": {
      "version": "6.22.0",
      "resolved": "https://registry.npmjs.org/babel-plugin-transform-react-jsx-self/-/babel-plugin-transform-react-jsx-self-6.22.0.tgz",
      "integrity": "sha1-322AqdomEqEh5t3XVYvL7PBuY24=",
      "requires": {
        "babel-plugin-syntax-jsx": "6.18.0",
        "babel-runtime": "6.26.0"
      }
    },
    "babel-plugin-transform-react-jsx-source": {
      "version": "6.22.0",
      "resolved": "https://registry.npmjs.org/babel-plugin-transform-react-jsx-source/-/babel-plugin-transform-react-jsx-source-6.22.0.tgz",
      "integrity": "sha1-ZqwSFT9c0tF7PBkmj0vwGX9E7NY=",
      "requires": {
        "babel-plugin-syntax-jsx": "6.18.0",
        "babel-runtime": "6.26.0"
      }
    },
    "babel-polyfill": {
      "version": "6.26.0",
      "resolved": "https://registry.npmjs.org/babel-polyfill/-/babel-polyfill-6.26.0.tgz",
      "integrity": "sha1-N5k3q8Z9eJWXCtxiHyhM2WbPIVM=",
      "requires": {
        "babel-runtime": "6.26.0",
        "core-js": "2.5.1",
        "regenerator-runtime": "0.10.5"
      }
    },
    "babel-preset-flow": {
      "version": "6.23.0",
      "resolved": "https://registry.npmjs.org/babel-preset-flow/-/babel-preset-flow-6.23.0.tgz",
      "integrity": "sha1-5xIYiHCFrpoktb5Baa/7WZgWxJ0=",
      "requires": {
        "babel-plugin-transform-flow-strip-types": "6.22.0"
      }
    },
    "babel-preset-react": {
      "version": "6.24.1",
      "resolved": "https://registry.npmjs.org/babel-preset-react/-/babel-preset-react-6.24.1.tgz",
      "integrity": "sha1-umnfrqRfw+xjm2pOzqbhdwLJE4A=",
      "requires": {
        "babel-plugin-syntax-jsx": "6.18.0",
        "babel-plugin-transform-react-display-name": "6.25.0",
        "babel-plugin-transform-react-jsx": "6.24.1",
        "babel-plugin-transform-react-jsx-self": "6.22.0",
        "babel-plugin-transform-react-jsx-source": "6.22.0",
        "babel-preset-flow": "6.23.0"
      }
    },
    "babel-runtime": {
      "version": "6.26.0",
      "resolved": "https://registry.npmjs.org/babel-runtime/-/babel-runtime-6.26.0.tgz",
      "integrity": "sha1-llxwWGaOgrVde/4E/yM3vItWR/4=",
      "requires": {
        "core-js": "2.5.1",
        "regenerator-runtime": "0.11.0"
      },
      "dependencies": {
        "regenerator-runtime": {
          "version": "0.11.0",
          "resolved": "https://registry.npmjs.org/regenerator-runtime/-/regenerator-runtime-0.11.0.tgz",
          "integrity": "sha512-/aA0kLeRb5N9K0d4fw7ooEbI+xDe+DKD499EQqygGqeS8N3xto15p09uY2xj7ixP81sNPXvRLnAQIqdVStgb1A=="
        }
      }
    },
    "babel-types": {
      "version": "6.26.0",
      "resolved": "https://registry.npmjs.org/babel-types/-/babel-types-6.26.0.tgz",
      "integrity": "sha1-o7Bz+Uq0nrb6Vc1lInozQ4BjJJc=",
      "requires": {
        "babel-runtime": "6.26.0",
        "esutils": "2.0.2",
        "lodash": "4.17.4",
        "to-fast-properties": "1.0.3"
      }
    },
    "base64-js": {
      "version": "1.2.1",
      "resolved": "https://registry.npmjs.org/base64-js/-/base64-js-1.2.1.tgz",
      "integrity": "sha512-dwVUVIXsBZXwTuwnXI9RK8sBmgq09NDHzyR9SAph9eqk76gKK2JSQmZARC2zRC81JC2QTtxD0ARU5qTS25gIGw=="
    },
    "browser-cookie-lite": {
      "version": "1.0.4",
      "resolved": "https://registry.npmjs.org/browser-cookie-lite/-/browser-cookie-lite-1.0.4.tgz",
      "integrity": "sha1-JFUm+YH6/sZbjfIb7Cl3H1RsAWA="
    },
    "buffer": {
      "version": "5.0.7",
      "resolved": "https://registry.npmjs.org/buffer/-/buffer-5.0.7.tgz",
      "integrity": "sha512-NeeHXWh5pCbPQCt2/6rLvXqapZfVsqw/YgRgaHpT3H9Uzgs+S0lSg5SQzouIuDvcmlQRqBe8hOO2scKCu3cxrg==",
      "requires": {
        "base64-js": "1.2.1",
        "ieee754": "1.1.8"
      }
    },
    "classnames": {
      "version": "2.2.5",
      "resolved": "https://registry.npmjs.org/classnames/-/classnames-2.2.5.tgz",
      "integrity": "sha1-+zgB1FNGdknvNgPH1hoCvRKb3m0="
    },
    "core-js": {
      "version": "2.5.1",
      "resolved": "https://registry.npmjs.org/core-js/-/core-js-2.5.1.tgz",
      "integrity": "sha1-rmh03GaTd4m4B1T/VCjfZoGcpQs="
    },
    "counterpart": {
      "version": "0.18.2",
      "resolved": "https://registry.npmjs.org/counterpart/-/counterpart-0.18.2.tgz",
      "integrity": "sha1-PvS9x4IImvDQG4c/5OhdoEu0S78=",
      "requires": {
        "date-names": "0.1.10",
        "except": "0.1.3",
        "extend": "3.0.1",
        "pluralizers": "0.1.6",
        "sprintf-js": "1.1.1"
      }
    },
    "create-react-class": {
      "version": "15.6.0",
      "resolved": "https://registry.npmjs.org/create-react-class/-/create-react-class-15.6.0.tgz",
      "integrity": "sha1-q0SEl8JlZuHilBPogyB9V8/nvtQ=",
      "requires": {
        "fbjs": "0.8.14",
        "loose-envify": "1.3.1",
        "object-assign": "4.1.1"
      }
    },
    "css-color-keywords": {
      "version": "1.0.0",
      "resolved": "https://registry.npmjs.org/css-color-keywords/-/css-color-keywords-1.0.0.tgz",
      "integrity": "sha1-/qJhbcZ2spYmhrOvjb2+GAskTgU="
    },
    "css-to-react-native": {
      "version": "2.0.4",
      "resolved": "https://registry.npmjs.org/css-to-react-native/-/css-to-react-native-2.0.4.tgz",
      "integrity": "sha1-z0zEB1WLNHTUuovhos07bOcTEBs=",
      "requires": {
        "css-color-keywords": "1.0.0",
        "fbjs": "0.8.14",
        "postcss-value-parser": "3.3.0"
      }
    },
    "date-names": {
      "version": "0.1.10",
      "resolved": "https://registry.npmjs.org/date-names/-/date-names-0.1.10.tgz",
      "integrity": "sha1-YvjZMyKVBEZX8852FtijQCH47ys="
    },
    "deep-diff": {
      "version": "0.3.8",
      "resolved": "https://registry.npmjs.org/deep-diff/-/deep-diff-0.3.8.tgz",
      "integrity": "sha1-wB3mPvsO7JeYgB1Ax+Da4ltYLIQ="
    },
    "doctrine": {
      "version": "0.7.2",
      "resolved": "https://registry.npmjs.org/doctrine/-/doctrine-0.7.2.tgz",
      "integrity": "sha1-fLhgNZujvpDgQLJrcpzkv6ZUxSM=",
      "requires": {
        "esutils": "1.1.6",
        "isarray": "0.0.1"
      },
      "dependencies": {
        "esutils": {
          "version": "1.1.6",
          "resolved": "https://registry.npmjs.org/esutils/-/esutils-1.1.6.tgz",
          "integrity": "sha1-wBzKqa5LiXxtDD4hCuUvPHqEQ3U="
        }
      }
    },
    "dom-helpers": {
      "version": "3.2.1",
      "resolved": "https://registry.npmjs.org/dom-helpers/-/dom-helpers-3.2.1.tgz",
      "integrity": "sha1-MgPgf+0he9H0JLAZc1WC/Deyglo="
    },
    "encoding": {
      "version": "0.1.12",
      "resolved": "https://registry.npmjs.org/encoding/-/encoding-0.1.12.tgz",
      "integrity": "sha1-U4tm8+5izRq1HsMjgp0flIDHS+s=",
      "requires": {
        "iconv-lite": "0.4.18"
      }
    },
    "esutils": {
      "version": "2.0.2",
      "resolved": "https://registry.npmjs.org/esutils/-/esutils-2.0.2.tgz",
      "integrity": "sha1-Cr9PHKpbyx96nYrMbepPqqBLrJs="
    },
    "except": {
      "version": "0.1.3",
      "resolved": "https://registry.npmjs.org/except/-/except-0.1.3.tgz",
      "integrity": "sha1-mCYckZWFUVNrREgiOOl4P7c9KSo=",
      "requires": {
        "indexof": "0.0.1"
      }
    },
    "extend": {
      "version": "3.0.1",
      "resolved": "https://registry.npmjs.org/extend/-/extend-3.0.1.tgz",
      "integrity": "sha1-p1Xqe8Gt/MWjHOfnYtuq3F5jZEQ="
    },
    "fbjs": {
      "version": "0.8.14",
      "resolved": "https://registry.npmjs.org/fbjs/-/fbjs-0.8.14.tgz",
      "integrity": "sha1-0dviviVMNakeCfMfnNUKQLKg7Rw=",
      "requires": {
        "core-js": "1.2.7",
        "isomorphic-fetch": "2.2.1",
        "loose-envify": "1.3.1",
        "object-assign": "4.1.1",
        "promise": "7.3.1",
        "setimmediate": "1.0.5",
        "ua-parser-js": "0.7.14"
      },
      "dependencies": {
        "core-js": {
          "version": "1.2.7",
          "resolved": "https://registry.npmjs.org/core-js/-/core-js-1.2.7.tgz",
          "integrity": "sha1-ZSKUwUZR2yj6k70tX/KYOk8IxjY="
        }
      }
    },
    "flexbox-react": {
      "version": "4.4.0",
      "resolved": "https://registry.npmjs.org/flexbox-react/-/flexbox-react-4.4.0.tgz",
      "integrity": "sha1-NevT6xCLvaGydg30loqrxwYfXzM=",
      "requires": {
        "@types/react": "15.6.2",
        "@types/react-dom": "0.14.23",
        "styled-components": "2.1.2"
      }
    },
    "get-comments": {
      "version": "1.0.1",
      "resolved": "https://registry.npmjs.org/get-comments/-/get-comments-1.0.1.tgz",
      "integrity": "sha1-GWdZEBu7xPrPEwYMqu3Uhw3uVb4="
    },
    "has-flag": {
      "version": "1.0.0",
      "resolved": "https://registry.npmjs.org/has-flag/-/has-flag-1.0.0.tgz",
      "integrity": "sha1-nZ55MWXOAXoA8AQYxD+UKnsdEfo="
    },
    "history": {
      "version": "4.7.2",
      "resolved": "https://registry.npmjs.org/history/-/history-4.7.2.tgz",
      "integrity": "sha512-1zkBRWW6XweO0NBcjiphtVJVsIQ+SXF29z9DVkceeaSLVMFXHool+fdCZD4spDCfZJCILPILc3bm7Bc+HRi0nA==",
      "requires": {
        "invariant": "2.2.2",
        "loose-envify": "1.3.1",
        "resolve-pathname": "2.2.0",
        "value-equal": "0.4.0",
        "warning": "3.0.0"
      }
    },
    "hoist-non-react-statics": {
      "version": "1.2.0",
      "resolved": "https://registry.npmjs.org/hoist-non-react-statics/-/hoist-non-react-statics-1.2.0.tgz",
      "integrity": "sha1-qkSM8JhtVcxAdzsXF0t90GbLfPs="
    },
    "iconv-lite": {
      "version": "0.4.18",
      "resolved": "https://registry.npmjs.org/iconv-lite/-/iconv-lite-0.4.18.tgz",
      "integrity": "sha512-sr1ZQph3UwHTR0XftSbK85OvBbxe/abLGzEnPENCQwmHf7sck8Oyu4ob3LgBxWWxRoM+QszeUyl7jbqapu2TqA=="
    },
    "ieee754": {
      "version": "1.1.8",
      "resolved": "https://registry.npmjs.org/ieee754/-/ieee754-1.1.8.tgz",
      "integrity": "sha1-vjPUCsEO8ZJnAfbwii2G+/0a0+Q="
    },
    "indexof": {
      "version": "0.0.1",
      "resolved": "https://registry.npmjs.org/indexof/-/indexof-0.0.1.tgz",
      "integrity": "sha1-gtwzbSMrkGIXnQWrMpOmYFn9Q10="
    },
    "invariant": {
      "version": "2.2.2",
      "resolved": "https://registry.npmjs.org/invariant/-/invariant-2.2.2.tgz",
      "integrity": "sha1-nh9WrArNtr8wMwbzOL47IErmA2A=",
      "requires": {
        "loose-envify": "1.3.1"
      }
    },
    "is-function": {
      "version": "1.0.1",
      "resolved": "https://registry.npmjs.org/is-function/-/is-function-1.0.1.tgz",
      "integrity": "sha1-Es+5i2W1fdPRk6MSH19uL0N2ArU="
    },
    "is-plain-object": {
      "version": "2.0.4",
      "resolved": "https://registry.npmjs.org/is-plain-object/-/is-plain-object-2.0.4.tgz",
      "integrity": "sha512-h5PpgXkWitc38BBMYawTYMWJHFZJVnBquFE57xFpjB8pJFiF6gZ+bU+WyI/yqXiFR5mdLsgYNaPe8uao6Uv9Og==",
      "requires": {
        "isobject": "3.0.1"
      }
    },
    "is-stream": {
      "version": "1.1.0",
      "resolved": "https://registry.npmjs.org/is-stream/-/is-stream-1.1.0.tgz",
      "integrity": "sha1-EtSj3U5o4Lec6428hBc66A2RykQ="
    },
    "isarray": {
      "version": "0.0.1",
      "resolved": "https://registry.npmjs.org/isarray/-/isarray-0.0.1.tgz",
      "integrity": "sha1-ihis/Kmo9Bd+Cav8YDiTmwXR7t8="
    },
    "isobject": {
      "version": "3.0.1",
      "resolved": "https://registry.npmjs.org/isobject/-/isobject-3.0.1.tgz",
      "integrity": "sha1-TkMekrEalzFjaqH5yNHMvP2reN8="
    },
    "isomorphic-fetch": {
      "version": "2.2.1",
      "resolved": "https://registry.npmjs.org/isomorphic-fetch/-/isomorphic-fetch-2.2.1.tgz",
      "integrity": "sha1-YRrhrPFPXoH3KVB0coGf6XM1WKk=",
      "requires": {
        "node-fetch": "1.7.2",
        "whatwg-fetch": "2.0.3"
      }
    },
    "js-tokens": {
      "version": "3.0.2",
      "resolved": "https://registry.npmjs.org/js-tokens/-/js-tokens-3.0.2.tgz",
      "integrity": "sha1-mGbfOVECEw449/mWvOtlRDIJwls="
    },
    "lodash": {
      "version": "4.17.4",
      "resolved": "https://registry.npmjs.org/lodash/-/lodash-4.17.4.tgz",
      "integrity": "sha1-eCA6TRwyiuHYbcpkYONptX9AVa4="
    },
    "lodash-es": {
      "version": "4.17.4",
      "resolved": "https://registry.npmjs.org/lodash-es/-/lodash-es-4.17.4.tgz",
      "integrity": "sha1-3MHXVS4VCgZABzupyzHXDwMpUOc="
    },
    "lodash._arraymap": {
      "version": "3.0.0",
      "resolved": "https://registry.npmjs.org/lodash._arraymap/-/lodash._arraymap-3.0.0.tgz",
      "integrity": "sha1-Go/Q9MDfS2HeoHbXF83Jfwo8PmY="
    },
    "lodash._basedifference": {
      "version": "3.0.3",
      "resolved": "https://registry.npmjs.org/lodash._basedifference/-/lodash._basedifference-3.0.3.tgz",
      "integrity": "sha1-8sIEKWwqeOArOJCBtu3KyTPPYpw=",
      "requires": {
        "lodash._baseindexof": "3.1.0",
        "lodash._cacheindexof": "3.0.2",
        "lodash._createcache": "3.1.2"
      }
    },
    "lodash._baseflatten": {
      "version": "3.1.4",
      "resolved": "https://registry.npmjs.org/lodash._baseflatten/-/lodash._baseflatten-3.1.4.tgz",
      "integrity": "sha1-B3D/gBMa9uNPO1EXlqe6UhTmX/c=",
      "requires": {
        "lodash.isarguments": "3.1.0",
        "lodash.isarray": "3.0.4"
      }
    },
    "lodash._basefor": {
      "version": "3.0.3",
      "resolved": "https://registry.npmjs.org/lodash._basefor/-/lodash._basefor-3.0.3.tgz",
      "integrity": "sha1-dVC06SGO8J+tJDQ7YSAhx5tMIMI="
    },
    "lodash._baseindexof": {
      "version": "3.1.0",
      "resolved": "https://registry.npmjs.org/lodash._baseindexof/-/lodash._baseindexof-3.1.0.tgz",
      "integrity": "sha1-/lK1OhxnYeQmGNZU5KJXie1hgiw="
    },
    "lodash._bindcallback": {
      "version": "3.0.1",
      "resolved": "https://registry.npmjs.org/lodash._bindcallback/-/lodash._bindcallback-3.0.1.tgz",
      "integrity": "sha1-5THCdkTPi1epnhftlbNcdIeJOS4="
    },
    "lodash._cacheindexof": {
      "version": "3.0.2",
      "resolved": "https://registry.npmjs.org/lodash._cacheindexof/-/lodash._cacheindexof-3.0.2.tgz",
      "integrity": "sha1-PcaayCSY0u5ePOVgkbr9Ktx73pI="
    },
    "lodash._createcache": {
      "version": "3.1.2",
      "resolved": "https://registry.npmjs.org/lodash._createcache/-/lodash._createcache-3.1.2.tgz",
      "integrity": "sha1-VtagZAF2JeeevKa4AY4XRAvc8JM=",
      "requires": {
        "lodash._getnative": "3.9.1"
      }
    },
    "lodash._getnative": {
      "version": "3.9.1",
      "resolved": "https://registry.npmjs.org/lodash._getnative/-/lodash._getnative-3.9.1.tgz",
      "integrity": "sha1-VwvH3t5G1hzc3mh9ZdPuy6o6r/U="
    },
    "lodash._pickbyarray": {
      "version": "3.0.2",
      "resolved": "https://registry.npmjs.org/lodash._pickbyarray/-/lodash._pickbyarray-3.0.2.tgz",
      "integrity": "sha1-H4mNlgfrVgsOFnOEt3x8bRCKpMU="
    },
    "lodash._pickbycallback": {
      "version": "3.0.0",
      "resolved": "https://registry.npmjs.org/lodash._pickbycallback/-/lodash._pickbycallback-3.0.0.tgz",
      "integrity": "sha1-/2G5oBens699MObFPeKK+hm4dQo=",
      "requires": {
        "lodash._basefor": "3.0.3",
        "lodash.keysin": "3.0.8"
      }
    },
    "lodash.isarguments": {
      "version": "3.1.0",
      "resolved": "https://registry.npmjs.org/lodash.isarguments/-/lodash.isarguments-3.1.0.tgz",
      "integrity": "sha1-L1c9hcaiQon/AGY7SRwdM4/zRYo="
    },
    "lodash.isarray": {
      "version": "3.0.4",
      "resolved": "https://registry.npmjs.org/lodash.isarray/-/lodash.isarray-3.0.4.tgz",
      "integrity": "sha1-eeTriMNqgSKvhvhEqpvNhRtfu1U="
    },
    "lodash.keysin": {
      "version": "3.0.8",
      "resolved": "https://registry.npmjs.org/lodash.keysin/-/lodash.keysin-3.0.8.tgz",
      "integrity": "sha1-IsRJPrvtsUJ5YqVLRFssinZ/tH8=",
      "requires": {
        "lodash.isarguments": "3.1.0",
        "lodash.isarray": "3.0.4"
      }
    },
    "lodash.omit": {
      "version": "3.1.0",
      "resolved": "https://registry.npmjs.org/lodash.omit/-/lodash.omit-3.1.0.tgz",
      "integrity": "sha1-iX/jguZBPZrJfGH3jtHgV6AK+fM=",
      "requires": {
        "lodash._arraymap": "3.0.0",
        "lodash._basedifference": "3.0.3",
        "lodash._baseflatten": "3.1.4",
        "lodash._bindcallback": "3.0.1",
        "lodash._pickbyarray": "3.0.2",
        "lodash._pickbycallback": "3.0.0",
        "lodash.keysin": "3.0.8",
        "lodash.restparam": "3.6.1"
      }
    },
    "lodash.restparam": {
      "version": "3.6.1",
      "resolved": "https://registry.npmjs.org/lodash.restparam/-/lodash.restparam-3.6.1.tgz",
      "integrity": "sha1-k2pOMJ7zMKdkXtQUWYbIWuWyCAU="
    },
    "loose-envify": {
      "version": "1.3.1",
      "resolved": "https://registry.npmjs.org/loose-envify/-/loose-envify-1.3.1.tgz",
      "integrity": "sha1-0aitM/qc4OcT1l/dCsi3SNR4yEg=",
      "requires": {
        "js-tokens": "3.0.2"
      }
    },
    "mobile-detect": {
      "version": "1.3.7",
      "resolved": "https://registry.npmjs.org/mobile-detect/-/mobile-detect-1.3.7.tgz",
      "integrity": "sha512-thfQQA1gz4mezj6x3Rr55uEqcyELvgCYQLQEHHgQDY6V0uTh3GTgPJGFd5rB+n085fv7TDJSTqYAaKa9+B1wrg=="
    },
    "node-fetch": {
      "version": "1.7.2",
      "resolved": "https://registry.npmjs.org/node-fetch/-/node-fetch-1.7.2.tgz",
      "integrity": "sha512-xZZUq2yDhKMIn/UgG5q//IZSNLJIwW2QxS14CNH5spuiXkITM2pUitjdq58yLSaU7m4M0wBNaM2Gh/ggY4YJig==",
      "requires": {
        "encoding": "0.1.12",
        "is-stream": "1.1.0"
      }
    },
    "object-assign": {
      "version": "4.1.1",
      "resolved": "https://registry.npmjs.org/object-assign/-/object-assign-4.1.1.tgz",
      "integrity": "sha1-IQmtx5ZYh8/AXLvUQsrIv7s2CGM="
    },
    "path-to-regexp": {
      "version": "1.7.0",
      "resolved": "https://registry.npmjs.org/path-to-regexp/-/path-to-regexp-1.7.0.tgz",
      "integrity": "sha1-Wf3g9DW62suhA6hOnTvGTpa5k30=",
      "requires": {
        "isarray": "0.0.1"
      }
    },
    "pluralizers": {
      "version": "0.1.6",
      "resolved": "https://registry.npmjs.org/pluralizers/-/pluralizers-0.1.6.tgz",
      "integrity": "sha1-GrOLbnYOb5f5hGElCXuGK8l0yB4="
    },
    "postcss-value-parser": {
      "version": "3.3.0",
      "resolved": "https://registry.npmjs.org/postcss-value-parser/-/postcss-value-parser-3.3.0.tgz",
      "integrity": "sha1-h/OPnxj3dKSrTIojL1xc6IcqnRU="
    },
    "promise": {
      "version": "7.3.1",
      "resolved": "https://registry.npmjs.org/promise/-/promise-7.3.1.tgz",
      "integrity": "sha512-nolQXZ/4L+bP/UGlkfaIujX9BKxGwmQ9OT4mOt5yvy8iK1h3wqTEJCijzGANTCCl9nWjY41juyAn2K3Q1hLLTg==",
      "requires": {
        "asap": "2.0.6"
      }
    },
    "prop-types": {
      "version": "15.5.10",
      "resolved": "https://registry.npmjs.org/prop-types/-/prop-types-15.5.10.tgz",
      "integrity": "sha1-J5ffwxJhguOpXj37suiT3ddFYVQ=",
      "requires": {
        "fbjs": "0.8.14",
        "loose-envify": "1.3.1"
      }
    },
    "react": {
      "version": "15.6.1",
      "resolved": "https://registry.npmjs.org/react/-/react-15.6.1.tgz",
      "integrity": "sha1-uqhDTsZ4C96ZfNw4C3nNM7ljk98=",
      "requires": {
        "create-react-class": "15.6.0",
        "fbjs": "0.8.14",
        "loose-envify": "1.3.1",
        "object-assign": "4.1.1",
        "prop-types": "15.5.10"
      }
    },
    "react-cookie-banner": {
      "version": "0.0.18",
      "resolved": "https://registry.npmjs.org/react-cookie-banner/-/react-cookie-banner-0.0.18.tgz",
      "integrity": "sha1-oVCt7gsTe9iw+z5QfdYVR1zLzqU=",
      "requires": {
        "browser-cookie-lite": "1.0.4",
        "classnames": "2.2.5",
        "lodash.omit": "3.1.0",
        "tcomb-react": "0.9.3"
      }
    },
    "react-dom": {
      "version": "15.6.1",
      "resolved": "https://registry.npmjs.org/react-dom/-/react-dom-15.6.1.tgz",
      "integrity": "sha1-LLDtQZEDjlPCCes6eaI+Kkz5lHA=",
      "requires": {
        "fbjs": "0.8.14",
        "loose-envify": "1.3.1",
        "object-assign": "4.1.1",
        "prop-types": "15.5.10"
      }
    },
    "react-input-autosize": {
      "version": "1.1.4",
      "resolved": "https://registry.npmjs.org/react-input-autosize/-/react-input-autosize-1.1.4.tgz",
      "integrity": "sha1-y8RQctQITdxXgG2447NOZEuDZqw=",
      "requires": {
        "create-react-class": "15.6.0",
        "prop-types": "15.5.10"
      }
    },
    "react-interpolate-component": {
      "version": "0.11.0",
      "resolved": "https://registry.npmjs.org/react-interpolate-component/-/react-interpolate-component-0.11.0.tgz",
      "integrity": "sha1-4wlTUtGrAW90byOzSfPo4yPOcqU=",
      "requires": {
        "create-react-class": "15.6.0",
        "except": "0.1.3",
        "invariant": "2.2.2",
        "object-assign": "4.1.1"
      }
    },
    "react-rater": {
      "version": "0.4.4",
      "resolved": "https://registry.npmjs.org/react-rater/-/react-rater-0.4.4.tgz",
      "integrity": "sha512-QtuKSHS59yFn7qB1dVpa+ziPURt35tOxvHCyfhElKgf1aXycg1Uzjx270yR8bfcm4CNRCkfDAhOmboj1p1jXOg==",
      "requires": {
        "prop-types": "15.5.10",
        "react": "15.6.1",
        "react-dom": "15.6.1"
      }
    },
    "react-redux": {
      "version": "5.0.6",
      "resolved": "https://registry.npmjs.org/react-redux/-/react-redux-5.0.6.tgz",
      "integrity": "sha512-8taaaGu+J7PMJQDJrk/xiWEYQmdo3mkXw6wPr3K3LxvXis3Fymiq7c13S+Tpls/AyNUAsoONkU81AP0RA6y6Vw==",
      "requires": {
        "hoist-non-react-statics": "2.3.1",
        "invariant": "2.2.2",
        "lodash": "4.17.4",
        "lodash-es": "4.17.4",
        "loose-envify": "1.3.1",
        "prop-types": "15.5.10"
      },
      "dependencies": {
        "hoist-non-react-statics": {
          "version": "2.3.1",
          "resolved": "https://registry.npmjs.org/hoist-non-react-statics/-/hoist-non-react-statics-2.3.1.tgz",
          "integrity": "sha1-ND24TGAYxlB3iJgkATWhQg7iLOA="
        }
      }
    },
    "react-router": {
      "version": "4.2.0",
      "resolved": "https://registry.npmjs.org/react-router/-/react-router-4.2.0.tgz",
      "integrity": "sha512-DY6pjwRhdARE4TDw7XjxjZsbx9lKmIcyZoZ+SDO7SBJ1KUeWNxT22Kara2AC7u6/c2SYEHlEDLnzBCcNhLE8Vg==",
      "requires": {
        "history": "4.7.2",
        "hoist-non-react-statics": "2.3.1",
        "invariant": "2.2.2",
        "loose-envify": "1.3.1",
        "path-to-regexp": "1.7.0",
        "prop-types": "15.5.10",
        "warning": "3.0.0"
      },
      "dependencies": {
        "hoist-non-react-statics": {
          "version": "2.3.1",
          "resolved": "https://registry.npmjs.org/hoist-non-react-statics/-/hoist-non-react-statics-2.3.1.tgz",
          "integrity": "sha1-ND24TGAYxlB3iJgkATWhQg7iLOA="
        }
      }
    },
    "react-router-dom": {
      "version": "4.2.2",
      "resolved": "https://registry.npmjs.org/react-router-dom/-/react-router-dom-4.2.2.tgz",
      "integrity": "sha512-cHMFC1ZoLDfEaMFoKTjN7fry/oczMgRt5BKfMAkTu5zEuJvUiPp1J8d0eXSVTnBh6pxlbdqDhozunOOLtmKfPA==",
      "requires": {
        "history": "4.7.2",
        "invariant": "2.2.2",
        "loose-envify": "1.3.1",
        "prop-types": "15.5.10",
        "react-router": "4.2.0",
        "warning": "3.0.0"
      }
    },
    "react-router-redux": {
      "version": "5.0.0-alpha.6",
      "resolved": "https://registry.npmjs.org/react-router-redux/-/react-router-redux-5.0.0-alpha.6.tgz",
      "integrity": "sha1-dBhmPC7NPFG+hW/PKPPR3uzBpXY=",
      "requires": {
        "history": "4.7.2",
        "prop-types": "15.5.10",
        "react-router": "4.2.0"
      }
    },
    "react-select": {
      "version": "1.0.0-rc.5",
      "resolved": "https://registry.npmjs.org/react-select/-/react-select-1.0.0-rc.5.tgz",
      "integrity": "sha1-nTFvJSsa3Dct21zfHxGca3z9tdY=",
      "requires": {
        "classnames": "2.2.5",
        "create-react-class": "15.6.0",
        "prop-types": "15.5.10",
        "react-input-autosize": "1.1.4"
      }
    },
    "react-svg": {
      "version": "2.1.21",
      "resolved": "https://registry.npmjs.org/react-svg/-/react-svg-2.1.21.tgz",
      "integrity": "sha1-DK80ACZJVCln8E4ZdIDXhHaOkUw=",
      "requires": {
        "svg-injector": "1.1.3"
      }
    },
    "react-translate-component": {
      "version": "0.14.0",
      "resolved": "https://registry.npmjs.org/react-translate-component/-/react-translate-component-0.14.0.tgz",
      "integrity": "sha1-+9S6En40mVpdbGpb6N54UOp/DdQ=",
      "requires": {
        "create-react-class": "15.6.0",
        "object-assign": "4.1.1",
        "prop-types": "15.5.10"
      }
    },
    "react-truncate": {
      "version": "2.1.5",
      "resolved": "https://registry.npmjs.org/react-truncate/-/react-truncate-2.1.5.tgz",
      "integrity": "sha512-lAa5vIc/IpIRGPc1D/y8hpvxFvBT1Rb6yEPELAcDsJDS/Pq9rTL3m/LEALKtOHHSh2gxi5lvYl/exAZlm4GAoQ=="
    },
    "react-virtualized": {
      "version": "9.9.0",
      "resolved": "https://registry.npmjs.org/react-virtualized/-/react-virtualized-9.9.0.tgz",
      "integrity": "sha512-TDe2haZiFr5apN3myuumGyeJ7iqHcGcQ648tfNf9x+R6tkE1+o8yAmeh4nKC4ldcs9My1dOHN3x/lmEX9LyOLA==",
      "requires": {
        "babel-runtime": "6.26.0",
        "classnames": "2.2.5",
        "dom-helpers": "3.2.1",
        "loose-envify": "1.3.1",
        "prop-types": "15.5.10"
      }
    },
    "react-virtualized-select": {
      "version": "3.1.0",
      "resolved": "https://registry.npmjs.org/react-virtualized-select/-/react-virtualized-select-3.1.0.tgz",
      "integrity": "sha512-OXW+8Me+bNNiQ79IYt3isGFxIbKKft2pFNv04SHp1tK8TTUuZb+KgBhxQf3YNZwlkQQnTcKfwYVAr7g9rGhIRg==",
      "requires": {
        "babel-runtime": "6.26.0",
        "prop-types": "15.5.10",
        "react-select": "1.0.0-rc.5",
        "react-virtualized": "9.9.0"
      }
    },
    "redux": {
      "version": "3.7.2",
      "resolved": "https://registry.npmjs.org/redux/-/redux-3.7.2.tgz",
      "integrity": "sha512-pNqnf9q1hI5HHZRBkj3bAngGZW/JMCmexDlOxw4XagXY2o1327nHH54LoTjiPJ0gizoqPDRqWyX/00g0hD6w+A==",
      "requires": {
        "lodash": "4.17.4",
        "lodash-es": "4.17.4",
        "loose-envify": "1.3.1",
        "symbol-observable": "1.0.4"
      }
    },
    "redux-logger": {
      "version": "3.0.6",
      "resolved": "https://registry.npmjs.org/redux-logger/-/redux-logger-3.0.6.tgz",
      "integrity": "sha1-91VZZvMJjzyIYExEnPC69XeCdL8=",
      "requires": {
        "deep-diff": "0.3.8"
      }
    },
    "redux-thunk": {
      "version": "2.2.0",
      "resolved": "https://registry.npmjs.org/redux-thunk/-/redux-thunk-2.2.0.tgz",
      "integrity": "sha1-5hWhbha0ehmlFXZhM9Hj6Zt4UuU="
    },
    "regenerator-runtime": {
      "version": "0.10.5",
      "resolved": "https://registry.npmjs.org/regenerator-runtime/-/regenerator-runtime-0.10.5.tgz",
      "integrity": "sha1-M2w+/BIgrc7dosn6tntaeVWjNlg="
    },
    "resolve-pathname": {
      "version": "2.2.0",
      "resolved": "https://registry.npmjs.org/resolve-pathname/-/resolve-pathname-2.2.0.tgz",
      "integrity": "sha512-bAFz9ld18RzJfddgrO2e/0S2O81710++chRMUxHjXOYKF6jTAMrUNZrEZ1PvV0zlhfjidm08iRPdTLPno1FuRg=="
    },
    "setimmediate": {
      "version": "1.0.5",
      "resolved": "https://registry.npmjs.org/setimmediate/-/setimmediate-1.0.5.tgz",
      "integrity": "sha1-KQy7Iy4waULX1+qbg3Mqt4VvgoU="
    },
    "sprintf-js": {
      "version": "1.1.1",
      "resolved": "https://registry.npmjs.org/sprintf-js/-/sprintf-js-1.1.1.tgz",
      "integrity": "sha1-Nr54Mgr+WAH2zqPueLblqrlA6gw="
    },
    "styled-components": {
      "version": "2.1.2",
      "resolved": "https://registry.npmjs.org/styled-components/-/styled-components-2.1.2.tgz",
      "integrity": "sha512-PuEOMaCmtdWE7zaswiXAGN3GzWe3FWd3dJgyXMsOXIqyViKeVu1yHSxRsSkoWRg+l07qs9KJh8gk8udCZl5NmQ==",
      "requires": {
        "buffer": "5.0.7",
        "css-to-react-native": "2.0.4",
        "fbjs": "0.8.14",
        "hoist-non-react-statics": "1.2.0",
        "is-function": "1.0.1",
        "is-plain-object": "2.0.4",
        "prop-types": "15.5.10",
        "stylis": "3.2.15",
        "supports-color": "3.2.3"
      }
    },
    "stylis": {
      "version": "3.2.15",
      "resolved": "https://registry.npmjs.org/stylis/-/stylis-3.2.15.tgz",
      "integrity": "sha1-GAD4Kf3zzw1keubNtftwof2Bw+I="
    },
    "supports-color": {
      "version": "3.2.3",
      "resolved": "https://registry.npmjs.org/supports-color/-/supports-color-3.2.3.tgz",
      "integrity": "sha1-ZawFBLOVQXHYpklGsq48u4pfVPY=",
      "requires": {
        "has-flag": "1.0.0"
      }
    },
    "svg-injector": {
      "version": "1.1.3",
      "resolved": "https://registry.npmjs.org/svg-injector/-/svg-injector-1.1.3.tgz",
      "integrity": "sha1-j7oY10GeX4GOcSxPgtg+41dhDmE="
    },
    "symbol-observable": {
      "version": "1.0.4",
      "resolved": "https://registry.npmjs.org/symbol-observable/-/symbol-observable-1.0.4.tgz",
      "integrity": "sha1-Kb9hXUqnEhvdiYsi1LP5vE4qoD0="
    },
    "tbp-app": {
      "version": "0.0.1",
      "resolved": "https://registry.npmjs.org/tbp-app/-/tbp-app-0.0.1.tgz",
      "integrity": "sha512-4h6CXLW8UNLatQ5/9zBCZkQswAZzle/sBa+emfN2N7XewMXev2O/8mrYZm197CqbduIKJVd9MS+EQr+5cKrHRA==",
      "requires": {
        "babel-polyfill": "6.26.0",
        "babel-preset-react": "6.24.1",
        "counterpart": "0.18.2",
        "flexbox-react": "4.4.0",
        "history": "4.7.2",
        "isomorphic-fetch": "2.2.1",
        "lodash": "4.17.4",
        "mobile-detect": "1.3.7",
        "react": "15.6.1",
        "react-cookie-banner": "0.0.18",
        "react-dom": "15.6.1",
        "react-interpolate-component": "0.11.0",
        "react-rater": "0.4.4",
        "react-redux": "5.0.6",
        "react-router-dom": "4.2.2",
        "react-router-redux": "5.0.0-alpha.6",
        "react-select": "1.0.0-rc.5",
        "react-svg": "2.1.21",
        "react-translate-component": "0.14.0",
        "react-truncate": "2.1.5",
        "react-virtualized-select": "3.1.0",
        "redux": "3.7.2",
        "redux-logger": "3.0.6",
        "redux-thunk": "2.2.0"
      }
    },
    "tcomb": {
      "version": "3.2.23",
      "resolved": "https://registry.npmjs.org/tcomb/-/tcomb-3.2.23.tgz",
      "integrity": "sha512-aaKd6EFSLPhocAWjdPP50xGAwmU3gIVfGZP2tmDRKvSaGXycOKsDmQj2sdQ5RLzwESVdyNYhKzFD6nQZEuFAtw=="
    },
    "tcomb-doc": {
      "version": "0.5.2",
      "resolved": "https://registry.npmjs.org/tcomb-doc/-/tcomb-doc-0.5.2.tgz",
      "integrity": "sha1-1YplOjAH42SRJ4ZAEMVYp79mbR4=",
      "requires": {
        "tcomb": "3.2.23"
      }
    },
    "tcomb-react": {
      "version": "0.9.3",
      "resolved": "https://registry.npmjs.org/tcomb-react/-/tcomb-react-0.9.3.tgz",
      "integrity": "sha1-RHE+HS6ML/dEuO1leb93rtI7Dvw=",
      "requires": {
        "doctrine": "0.7.2",
        "get-comments": "1.0.1",
        "react": "15.6.1",
        "tcomb-doc": "0.5.2",
        "tcomb-validation": "3.4.1"
      }
    },
    "tcomb-validation": {
      "version": "3.4.1",
      "resolved": "https://registry.npmjs.org/tcomb-validation/-/tcomb-validation-3.4.1.tgz",
      "integrity": "sha512-urVVMQOma4RXwiVCa2nM2eqrAomHROHvWPuj6UkDGz/eb5kcy0x6P0dVt6kzpUZtYMNoAqJLWmz1BPtxrtjtrA==",
      "requires": {
        "tcomb": "3.2.23"
      }
    },
    "to-fast-properties": {
      "version": "1.0.3",
      "resolved": "https://registry.npmjs.org/to-fast-properties/-/to-fast-properties-1.0.3.tgz",
      "integrity": "sha1-uDVx+k2MJbguIxsG46MFXeTKGkc="
    },
    "ua-parser-js": {
      "version": "0.7.14",
      "resolved": "https://registry.npmjs.org/ua-parser-js/-/ua-parser-js-0.7.14.tgz",
      "integrity": "sha1-EQ1T+kw/MmwSEpK76skE0uAzh8o="
    },
    "value-equal": {
      "version": "0.4.0",
      "resolved": "https://registry.npmjs.org/value-equal/-/value-equal-0.4.0.tgz",
      "integrity": "sha512-x+cYdNnaA3CxvMaTX0INdTCN8m8aF2uY9BvEqmxuYp8bL09cs/kWVQPVGcA35fMktdOsP69IgU7wFj/61dJHEw=="
    },
    "warning": {
      "version": "3.0.0",
      "resolved": "https://registry.npmjs.org/warning/-/warning-3.0.0.tgz",
      "integrity": "sha1-MuU3fLVy3kqwR1O9+IIcAe1gW3w=",
      "requires": {
        "loose-envify": "1.3.1"
      }
    },
    "whatwg-fetch": {
      "version": "2.0.3",
      "resolved": "https://registry.npmjs.org/whatwg-fetch/-/whatwg-fetch-2.0.3.tgz",
      "integrity": "sha1-nITsLc9oGH/wC8ZOEnS0QhduHIQ="
    }
  }
}
